
Microsoft Visual Studio Solution File, Format Version 12.00
Project("{FAE04EC0-301F-11D3-BF4B-00C04F79EFBC}") = "MeasurementsApi", "MeasurementsApi\MeasurementsApi.csproj", "{802BFFC6-A644-432E-82D7-B8E5AC1E2071}"
EndProject
Project("{2150E333-8FDC-42A3-9474-1A3956D46DE8}") = "MeasurementsApi", "MeasurementsApi", "{927D718D-7957-4E90-9901-4C3942387D50}"
EndProject
Project("{2150E333-8FDC-42A3-9474-1A3956D46DE8}") = "_ConfigurationFiles", "_ConfigurationFiles", "{79895ECE-CB77-44C7-B41B-E331782B96ED}"
	ProjectSection(SolutionItems) = preProject
		stylecop.json = stylecop.json
		Directory.Build.props = Directory.Build.props
		.editorconfig = .editorconfig
	EndProjectSection
EndProject
Global
	GlobalSection(SolutionConfigurationPlatforms) = preSolution
		Debug|Any CPU = Debug|Any CPU
		Release|Any CPU = Release|Any CPU
	EndGlobalSection
	GlobalSection(ProjectConfigurationPlatforms) = postSolution
		{802BFFC6-A644-432E-82D7-B8E5AC1E2071}.Debug|Any CPU.ActiveCfg = Debug|Any CPU
		{802BFFC6-A644-432E-82D7-B8E5AC1E2071}.Debug|Any CPU.Build.0 = Debug|Any CPU
		{802BFFC6-A644-432E-82D7-B8E5AC1E2071}.Release|Any CPU.ActiveCfg = Release|Any CPU
		{802BFFC6-A644-432E-82D7-B8E5AC1E2071}.Release|Any CPU.Build.0 = Release|Any CPU
	EndGlobalSection
	GlobalSection(NestedProjects) = preSolution
		{802BFFC6-A644-432E-82D7-B8E5AC1E2071} = {927D718D-7957-4E90-9901-4C3942387D50}
	EndGlobalSection
EndGlobal
