
Microsoft Visual Studio Solution File, Format Version 12.00
Project("{FAE04EC0-301F-11D3-BF4B-00C04F79EFBC}") = "Measurements.WebApi", "Measurements.WebApi\Measurements.WebApi.csproj", "{802BFFC6-A644-432E-82D7-B8E5AC1E2071}"
EndProject
Project("{2150E333-8FDC-42A3-9474-1A3956D46DE8}") = "Hosts", "Hosts", "{927D718D-7957-4E90-9901-4C3942387D50}"
EndProject
Project("{2150E333-8FDC-42A3-9474-1A3956D46DE8}") = "_ConfigurationFiles", "_ConfigurationFiles", "{79895ECE-CB77-44C7-B41B-E331782B96ED}"
	ProjectSection(SolutionItems) = preProject
		stylecop.json = stylecop.json
		Directory.Build.props = Directory.Build.props
		..\..\.editorconfig = ..\..\.editorconfig
	EndProjectSection
EndProject
Project("{2150E333-8FDC-42A3-9474-1A3956D46DE8}") = "Tests", "Tests", "{B08982C3-2652-42F9-A12A-350584EB13C8}"
EndProject
Project("{FAE04EC0-301F-11D3-BF4B-00C04F79EFBC}") = "Measurements.WebApi.UnitTests", "Measurements.WebApi.UnitTests\Measurements.WebApi.UnitTests.csproj", "{F85086F0-8FFA-4C31-A510-906E34744013}"
EndProject
Project("{FAE04EC0-301F-11D3-BF4B-00C04F79EFBC}") = "Measurements.WebApi.IntegrationTests", "Measurements.WebApi.IntegrationTests\Measurements.WebApi.IntegrationTests.csproj", "{A765051E-5966-4EC3-A779-E0E7C75020D5}"
EndProject
Project("{FAE04EC0-301F-11D3-BF4B-00C04F79EFBC}") = "Measurements.Infrastructure", "Measurements.Infrastructure\Measurements.Infrastructure.csproj", "{2A827A76-7A14-40DA-8C46-34C4610C2785}"
EndProject
Project("{FAE04EC0-301F-11D3-BF4B-00C04F79EFBC}") = "Measurements.Application", "Measurements.Application\Measurements.Application.csproj", "{82F77EC2-396D-45D5-BF3D-AFBE11B810D4}"
EndProject
Project("{FAE04EC0-301F-11D3-BF4B-00C04F79EFBC}") = "Measurements.Domain", "Measurements.Domain\Measurements.Domain.csproj", "{F317B8B1-CFB0-4B24-9DC9-B7E8305927D8}"
EndProject
Project("{2150E333-8FDC-42A3-9474-1A3956D46DE8}") = "Tests", "Tests", "{15A4A9BC-7231-4E9A-8529-F9DF93F6E23E}"
EndProject
Project("{FAE04EC0-301F-11D3-BF4B-00C04F79EFBC}") = "Measurements.UnitTests", "Measurements.UnitTests\Measurements.UnitTests.csproj", "{8A85F759-2718-4D65-A550-A2B15420664F}"
EndProject
Project("{2150E333-8FDC-42A3-9474-1A3956D46DE8}") = "Client", "Client", "{C0711931-F7AF-4A56-9800-B04CF8D40064}"
EndProject
Project("{FAE04EC0-301F-11D3-BF4B-00C04F79EFBC}") = "Measurements.Client", "Measurements.Client\Measurements.Client.csproj", "{F818630A-0999-4059-A59A-285196819EEA}"
EndProject
Project("{2150E333-8FDC-42A3-9474-1A3956D46DE8}") = "Tests", "Tests", "{E3D22B3F-CD60-497E-8CF7-283D78B69559}"
EndProject
Project("{FAE04EC0-301F-11D3-BF4B-00C04F79EFBC}") = "Measurements.Abstractions", "Measurements.Abstractions\Measurements.Abstractions.csproj", "{90304A75-1D06-4995-8EFA-606DD86F0D09}"
EndProject
Project("{FAE04EC0-301F-11D3-BF4B-00C04F79EFBC}") = "Measurements.Client.IntegrationTests", "Measurements.Client.IntegrationTests\Measurements.Client.IntegrationTests.csproj", "{1A44A31C-6221-40F5-A0FE-6CBBACAA5DF6}"
EndProject
Project("{FAE04EC0-301F-11D3-BF4B-00C04F79EFBC}") = "Measurements.Client.UnitTests", "Measurements.Client.UnitTests\Measurements.Client.UnitTests.csproj", "{B181B2CA-6B83-405F-9E29-2D9DF242507C}"
EndProject
Global
	GlobalSection(SolutionConfigurationPlatforms) = preSolution
		Debug|Any CPU = Debug|Any CPU
		Release|Any CPU = Release|Any CPU
	EndGlobalSection
	GlobalSection(ProjectConfigurationPlatforms) = postSolution
		{802BFFC6-A644-432E-82D7-B8E5AC1E2071}.Debug|Any CPU.ActiveCfg = Debug|Any CPU
		{802BFFC6-A644-432E-82D7-B8E5AC1E2071}.Debug|Any CPU.Build.0 = Debug|Any CPU
		{802BFFC6-A644-432E-82D7-B8E5AC1E2071}.Release|Any CPU.ActiveCfg = Release|Any CPU
		{802BFFC6-A644-432E-82D7-B8E5AC1E2071}.Release|Any CPU.Build.0 = Release|Any CPU
		{F85086F0-8FFA-4C31-A510-906E34744013}.Debug|Any CPU.ActiveCfg = Debug|Any CPU
		{F85086F0-8FFA-4C31-A510-906E34744013}.Debug|Any CPU.Build.0 = Debug|Any CPU
		{F85086F0-8FFA-4C31-A510-906E34744013}.Release|Any CPU.ActiveCfg = Release|Any CPU
		{F85086F0-8FFA-4C31-A510-906E34744013}.Release|Any CPU.Build.0 = Release|Any CPU
		{A765051E-5966-4EC3-A779-E0E7C75020D5}.Debug|Any CPU.ActiveCfg = Debug|Any CPU
		{A765051E-5966-4EC3-A779-E0E7C75020D5}.Debug|Any CPU.Build.0 = Debug|Any CPU
		{A765051E-5966-4EC3-A779-E0E7C75020D5}.Release|Any CPU.ActiveCfg = Release|Any CPU
		{A765051E-5966-4EC3-A779-E0E7C75020D5}.Release|Any CPU.Build.0 = Release|Any CPU
		{2A827A76-7A14-40DA-8C46-34C4610C2785}.Debug|Any CPU.ActiveCfg = Debug|Any CPU
		{2A827A76-7A14-40DA-8C46-34C4610C2785}.Debug|Any CPU.Build.0 = Debug|Any CPU
		{2A827A76-7A14-40DA-8C46-34C4610C2785}.Release|Any CPU.ActiveCfg = Release|Any CPU
		{2A827A76-7A14-40DA-8C46-34C4610C2785}.Release|Any CPU.Build.0 = Release|Any CPU
		{82F77EC2-396D-45D5-BF3D-AFBE11B810D4}.Debug|Any CPU.ActiveCfg = Debug|Any CPU
		{82F77EC2-396D-45D5-BF3D-AFBE11B810D4}.Debug|Any CPU.Build.0 = Debug|Any CPU
		{82F77EC2-396D-45D5-BF3D-AFBE11B810D4}.Release|Any CPU.ActiveCfg = Release|Any CPU
		{82F77EC2-396D-45D5-BF3D-AFBE11B810D4}.Release|Any CPU.Build.0 = Release|Any CPU
		{F317B8B1-CFB0-4B24-9DC9-B7E8305927D8}.Debug|Any CPU.ActiveCfg = Debug|Any CPU
		{F317B8B1-CFB0-4B24-9DC9-B7E8305927D8}.Debug|Any CPU.Build.0 = Debug|Any CPU
		{F317B8B1-CFB0-4B24-9DC9-B7E8305927D8}.Release|Any CPU.ActiveCfg = Release|Any CPU
		{F317B8B1-CFB0-4B24-9DC9-B7E8305927D8}.Release|Any CPU.Build.0 = Release|Any CPU
		{8A85F759-2718-4D65-A550-A2B15420664F}.Debug|Any CPU.ActiveCfg = Debug|Any CPU
		{8A85F759-2718-4D65-A550-A2B15420664F}.Debug|Any CPU.Build.0 = Debug|Any CPU
		{8A85F759-2718-4D65-A550-A2B15420664F}.Release|Any CPU.ActiveCfg = Release|Any CPU
		{8A85F759-2718-4D65-A550-A2B15420664F}.Release|Any CPU.Build.0 = Release|Any CPU
		{F818630A-0999-4059-A59A-285196819EEA}.Debug|Any CPU.ActiveCfg = Debug|Any CPU
		{F818630A-0999-4059-A59A-285196819EEA}.Debug|Any CPU.Build.0 = Debug|Any CPU
		{F818630A-0999-4059-A59A-285196819EEA}.Release|Any CPU.ActiveCfg = Release|Any CPU
		{F818630A-0999-4059-A59A-285196819EEA}.Release|Any CPU.Build.0 = Release|Any CPU
		{90304A75-1D06-4995-8EFA-606DD86F0D09}.Debug|Any CPU.ActiveCfg = Debug|Any CPU
		{90304A75-1D06-4995-8EFA-606DD86F0D09}.Debug|Any CPU.Build.0 = Debug|Any CPU
		{90304A75-1D06-4995-8EFA-606DD86F0D09}.Release|Any CPU.ActiveCfg = Release|Any CPU
		{90304A75-1D06-4995-8EFA-606DD86F0D09}.Release|Any CPU.Build.0 = Release|Any CPU
		{1A44A31C-6221-40F5-A0FE-6CBBACAA5DF6}.Debug|Any CPU.ActiveCfg = Debug|Any CPU
		{1A44A31C-6221-40F5-A0FE-6CBBACAA5DF6}.Debug|Any CPU.Build.0 = Debug|Any CPU
		{1A44A31C-6221-40F5-A0FE-6CBBACAA5DF6}.Release|Any CPU.ActiveCfg = Release|Any CPU
		{1A44A31C-6221-40F5-A0FE-6CBBACAA5DF6}.Release|Any CPU.Build.0 = Release|Any CPU
		{B181B2CA-6B83-405F-9E29-2D9DF242507C}.Debug|Any CPU.ActiveCfg = Debug|Any CPU
		{B181B2CA-6B83-405F-9E29-2D9DF242507C}.Debug|Any CPU.Build.0 = Debug|Any CPU
		{B181B2CA-6B83-405F-9E29-2D9DF242507C}.Release|Any CPU.ActiveCfg = Release|Any CPU
		{B181B2CA-6B83-405F-9E29-2D9DF242507C}.Release|Any CPU.Build.0 = Release|Any CPU
	EndGlobalSection
	GlobalSection(NestedProjects) = preSolution
		{802BFFC6-A644-432E-82D7-B8E5AC1E2071} = {927D718D-7957-4E90-9901-4C3942387D50}
		{B08982C3-2652-42F9-A12A-350584EB13C8} = {927D718D-7957-4E90-9901-4C3942387D50}
		{F85086F0-8FFA-4C31-A510-906E34744013} = {B08982C3-2652-42F9-A12A-350584EB13C8}
		{A765051E-5966-4EC3-A779-E0E7C75020D5} = {B08982C3-2652-42F9-A12A-350584EB13C8}
		{8A85F759-2718-4D65-A550-A2B15420664F} = {15A4A9BC-7231-4E9A-8529-F9DF93F6E23E}
		{F818630A-0999-4059-A59A-285196819EEA} = {C0711931-F7AF-4A56-9800-B04CF8D40064}
		{E3D22B3F-CD60-497E-8CF7-283D78B69559} = {C0711931-F7AF-4A56-9800-B04CF8D40064}
		{90304A75-1D06-4995-8EFA-606DD86F0D09} = {C0711931-F7AF-4A56-9800-B04CF8D40064}
		{1A44A31C-6221-40F5-A0FE-6CBBACAA5DF6} = {E3D22B3F-CD60-497E-8CF7-283D78B69559}
		{B181B2CA-6B83-405F-9E29-2D9DF242507C} = {E3D22B3F-CD60-497E-8CF7-283D78B69559}
	EndGlobalSection
EndGlobal
